
Microsoft Visual Studio Solution File, Format Version 12.00
# Visual Studio Version 16
VisualStudioVersion = 16.0.30204.135
MinimumVisualStudioVersion = 10.0.40219.1
Project("{FAE04EC0-301F-11D3-BF4B-00C04F79EFBC}") = "PolimorfizamPrimer", "PolimorfizamPrimer\PolimorfizamPrimer.csproj", "{4962F43D-FD65-45CE-83D2-8C1F204C23F4}"
EndProject
Global
	GlobalSection(SolutionConfigurationPlatforms) = preSolution
		Debug|Any CPU = Debug|Any CPU
		Release|Any CPU = Release|Any CPU
	EndGlobalSection
	GlobalSection(ProjectConfigurationPlatforms) = postSolution
		{4962F43D-FD65-45CE-83D2-8C1F204C23F4}.Debug|Any CPU.ActiveCfg = Debug|Any CPU
		{4962F43D-FD65-45CE-83D2-8C1F204C23F4}.Debug|Any CPU.Build.0 = Debug|Any CPU
		{4962F43D-FD65-45CE-83D2-8C1F204C23F4}.Release|Any CPU.ActiveCfg = Release|Any CPU
		{4962F43D-FD65-45CE-83D2-8C1F204C23F4}.Release|Any CPU.Build.0 = Release|Any CPU
	EndGlobalSection
	GlobalSection(SolutionProperties) = preSolution
		HideSolutionNode = FALSE
	EndGlobalSection
	GlobalSection(ExtensibilityGlobals) = postSolution
		SolutionGuid = {C1767577-7F6B-4C32-A9AA-BF8BDB12093E}
	EndGlobalSection
EndGlobal
